
Microsoft Visual Studio Solution File, Format Version 12.00
# Visual Studio Version 16
VisualStudioVersion = 16.0.31205.134
MinimumVisualStudioVersion = 10.0.40219.1
Project("{FAE04EC0-301F-11D3-BF4B-00C04F79EFBC}") = "CodeGenerator.Sample.Server.BlazorWebApp", "CodeGenerator.Sample.Server.BlazorWebApp\CodeGenerator.Sample.Server.BlazorWebApp.csproj", "{859C15F6-3DD2-4342-8CFE-3C254B3A138B}"
EndProject
Global
	GlobalSection(SolutionConfigurationPlatforms) = preSolution
		Debug|Any CPU = Debug|Any CPU
		Release|Any CPU = Release|Any CPU
	EndGlobalSection
	GlobalSection(ProjectConfigurationPlatforms) = postSolution
		{859C15F6-3DD2-4342-8CFE-3C254B3A138B}.Debug|Any CPU.ActiveCfg = Debug|Any CPU
		{859C15F6-3DD2-4342-8CFE-3C254B3A138B}.Debug|Any CPU.Build.0 = Debug|Any CPU
		{859C15F6-3DD2-4342-8CFE-3C254B3A138B}.Release|Any CPU.ActiveCfg = Release|Any CPU
		{859C15F6-3DD2-4342-8CFE-3C254B3A138B}.Release|Any CPU.Build.0 = Release|Any CPU
	EndGlobalSection
	GlobalSection(SolutionProperties) = preSolution
		HideSolutionNode = FALSE
	EndGlobalSection
	GlobalSection(ExtensibilityGlobals) = postSolution
		SolutionGuid = {B0FF175E-0FC5-455D-9A8E-45510B1F824C}
	EndGlobalSection
EndGlobal
