
Microsoft Visual Studio Solution File, Format Version 12.00
# Visual Studio Version 16
VisualStudioVersion = 16.0.31205.134
MinimumVisualStudioVersion = 10.0.40219.1
Project("{FAE04EC0-301F-11D3-BF4B-00C04F79EFBC}") = "CodeGenerator.Sample.Client.MvcWebApp", "CodeGenerator.Sample.Client.MvcWebApp\CodeGenerator.Sample.Client.MvcWebApp.csproj", "{BB886025-6882-4B3A-B278-DD03D3C70DA6}"
EndProject
Global
	GlobalSection(SolutionConfigurationPlatforms) = preSolution
		Debug|Any CPU = Debug|Any CPU
		Release|Any CPU = Release|Any CPU
	EndGlobalSection
	GlobalSection(ProjectConfigurationPlatforms) = postSolution
		{BB886025-6882-4B3A-B278-DD03D3C70DA6}.Debug|Any CPU.ActiveCfg = Debug|Any CPU
		{BB886025-6882-4B3A-B278-DD03D3C70DA6}.Debug|Any CPU.Build.0 = Debug|Any CPU
		{BB886025-6882-4B3A-B278-DD03D3C70DA6}.Release|Any CPU.ActiveCfg = Release|Any CPU
		{BB886025-6882-4B3A-B278-DD03D3C70DA6}.Release|Any CPU.Build.0 = Release|Any CPU
	EndGlobalSection
	GlobalSection(SolutionProperties) = preSolution
		HideSolutionNode = FALSE
	EndGlobalSection
	GlobalSection(ExtensibilityGlobals) = postSolution
		SolutionGuid = {B1385DAD-9CA3-4D51-AD12-54F3AB3DD5C3}
	EndGlobalSection
EndGlobal
